// !$*UTF8*$!
{
	archiveVersion = 1;
	classes = {
	};
	objectVersion = 46;
	objects = {

/* Begin PBXBuildFile section */
		460364401C139530004DA8AA /* AppDelegate.swift in Sources */ = {isa = PBXBuildFile; fileRef = 4603643F1C139530004DA8AA /* AppDelegate.swift */; };
		460364421C139530004DA8AA /* ViewController.swift in Sources */ = {isa = PBXBuildFile; fileRef = 460364411C139530004DA8AA /* ViewController.swift */; };
		460364451C139530004DA8AA /* Main.storyboard in Resources */ = {isa = PBXBuildFile; fileRef = 460364431C139530004DA8AA /* Main.storyboard */; };
		460364471C139530004DA8AA /* Images.xcassets in Resources */ = {isa = PBXBuildFile; fileRef = 460364461C139530004DA8AA /* Images.xcassets */; };
		4603644A1C139530004DA8AA /* LaunchScreen.xib in Resources */ = {isa = PBXBuildFile; fileRef = 460364481C139530004DA8AA /* LaunchScreen.xib */; };
		460364561C139530004DA8AA /* Tip_CalculatorTests.swift in Sources */ = {isa = PBXBuildFile; fileRef = 460364551C139530004DA8AA /* Tip_CalculatorTests.swift */; };
		46F051AA1C17FB430049B708 /* SettingsViewController.swift in Sources */ = {isa = PBXBuildFile; fileRef = 46F051A91C17FB430049B708 /* SettingsViewController.swift */; };
/* End PBXBuildFile section */

/* Begin PBXContainerItemProxy section */
		460364501C139530004DA8AA /* PBXContainerItemProxy */ = {
			isa = PBXContainerItemProxy;
			containerPortal = 460364321C139530004DA8AA /* Project object */;
			proxyType = 1;
			remoteGlobalIDString = 460364391C139530004DA8AA;
			remoteInfo = "Tip Calculator";
		};
/* End PBXContainerItemProxy section */

/* Begin PBXFileReference section */
		4603643A1C139530004DA8AA /* Tip Calculator.app */ = {isa = PBXFileReference; explicitFileType = wrapper.application; includeInIndex = 0; path = "Tip Calculator.app"; sourceTree = BUILT_PRODUCTS_DIR; };
		4603643E1C139530004DA8AA /* Info.plist */ = {isa = PBXFileReference; lastKnownFileType = text.plist.xml; path = Info.plist; sourceTree = "<group>"; };
		4603643F1C139530004DA8AA /* AppDelegate.swift */ = {isa = PBXFileReference; lastKnownFileType = sourcecode.swift; path = AppDelegate.swift; sourceTree = "<group>"; };
		460364411C139530004DA8AA /* ViewController.swift */ = {isa = PBXFileReference; lastKnownFileType = sourcecode.swift; path = ViewController.swift; sourceTree = "<group>"; };
		460364441C139530004DA8AA /* Base */ = {isa = PBXFileReference; lastKnownFileType = file.storyboard; name = Base; path = Base.lproj/Main.storyboard; sourceTree = "<group>"; };
		460364461C139530004DA8AA /* Images.xcassets */ = {isa = PBXFileReference; lastKnownFileType = folder.assetcatalog; path = Images.xcassets; sourceTree = "<group>"; };
		460364491C139530004DA8AA /* Base */ = {isa = PBXFileReference; lastKnownFileType = file.xib; name = Base; path = Base.lproj/LaunchScreen.xib; sourceTree = "<group>"; };
		4603644F1C139530004DA8AA /* Tip CalculatorTests.xctest */ = {isa = PBXFileReference; explicitFileType = wrapper.cfbundle; includeInIndex = 0; path = "Tip CalculatorTests.xctest"; sourceTree = BUILT_PRODUCTS_DIR; };
		460364541C139530004DA8AA /* Info.plist */ = {isa = PBXFileReference; lastKnownFileType = text.plist.xml; path = Info.plist; sourceTree = "<group>"; };
		460364551C139530004DA8AA /* Tip_CalculatorTests.swift */ = {isa = PBXFileReference; lastKnownFileType = sourcecode.swift; path = Tip_CalculatorTests.swift; sourceTree = "<group>"; };
		46F051A91C17FB430049B708 /* SettingsViewController.swift */ = {isa = PBXFileReference; fileEncoding = 4; lastKnownFileType = sourcecode.swift; path = SettingsViewController.swift; sourceTree = "<group>"; };
/* End PBXFileReference section */

/* Begin PBXFrameworksBuildPhase section */
		460364371C139530004DA8AA /* Frameworks */ = {
			isa = PBXFrameworksBuildPhase;
			buildActionMask = 2147483647;
			files = (
			);
			runOnlyForDeploymentPostprocessing = 0;
		};
		4603644C1C139530004DA8AA /* Frameworks */ = {
			isa = PBXFrameworksBuildPhase;
			buildActionMask = 2147483647;
			files = (
			);
			runOnlyForDeploymentPostprocessing = 0;
		};
/* End PBXFrameworksBuildPhase section */

/* Begin PBXGroup section */
		460364311C139530004DA8AA = {
			isa = PBXGroup;
			children = (
				4603643C1C139530004DA8AA /* Tip Calculator */,
				460364521C139530004DA8AA /* Tip CalculatorTests */,
				4603643B1C139530004DA8AA /* Products */,
			);
			sourceTree = "<group>";
		};
		4603643B1C139530004DA8AA /* Products */ = {
			isa = PBXGroup;
			children = (
				4603643A1C139530004DA8AA /* Tip Calculator.app */,
				4603644F1C139530004DA8AA /* Tip CalculatorTests.xctest */,
			);
			name = Products;
			sourceTree = "<group>";
		};
		4603643C1C139530004DA8AA /* Tip Calculator */ = {
			isa = PBXGroup;
			children = (
				4603643F1C139530004DA8AA /* AppDelegate.swift */,
				460364411C139530004DA8AA /* ViewController.swift */,
				460364431C139530004DA8AA /* Main.storyboard */,
				46F051A91C17FB430049B708 /* SettingsViewController.swift */,
				460364461C139530004DA8AA /* Images.xcassets */,
				460364481C139530004DA8AA /* LaunchScreen.xib */,
				4603643D1C139530004DA8AA /* Supporting Files */,
			);
			path = "Tip Calculator";
			sourceTree = "<group>";
		};
		4603643D1C139530004DA8AA /* Supporting Files */ = {
			isa = PBXGroup;
			children = (
				4603643E1C139530004DA8AA /* Info.plist */,
			);
			name = "Supporting Files";
			sourceTree = "<group>";
		};
		460364521C139530004DA8AA /* Tip CalculatorTests */ = {
			isa = PBXGroup;
			children = (
				460364551C139530004DA8AA /* Tip_CalculatorTests.swift */,
				460364531C139530004DA8AA /* Supporting Files */,
			);
			path = "Tip CalculatorTests";
			sourceTree = "<group>";
		};
		460364531C139530004DA8AA /* Supporting Files */ = {
			isa = PBXGroup;
			children = (
				460364541C139530004DA8AA /* Info.plist */,
			);
			name = "Supporting Files";
			sourceTree = "<group>";
		};
/* End PBXGroup section */

/* Begin PBXNativeTarget section */
		460364391C139530004DA8AA /* Tip Calculator */ = {
			isa = PBXNativeTarget;
			buildConfigurationList = 460364591C139530004DA8AA /* Build configuration list for PBXNativeTarget "Tip Calculator" */;
			buildPhases = (
				460364361C139530004DA8AA /* Sources */,
				460364371C139530004DA8AA /* Frameworks */,
				460364381C139530004DA8AA /* Resources */,
			);
			buildRules = (
			);
			dependencies = (
			);
			name = "Tip Calculator";
			productName = "Tip Calculator";
			productReference = 4603643A1C139530004DA8AA /* Tip Calculator.app */;
			productType = "com.apple.product-type.application";
		};
		4603644E1C139530004DA8AA /* Tip CalculatorTests */ = {
			isa = PBXNativeTarget;
			buildConfigurationList = 4603645C1C139530004DA8AA /* Build configuration list for PBXNativeTarget "Tip CalculatorTests" */;
			buildPhases = (
				4603644B1C139530004DA8AA /* Sources */,
				4603644C1C139530004DA8AA /* Frameworks */,
				4603644D1C139530004DA8AA /* Resources */,
			);
			buildRules = (
			);
			dependencies = (
				460364511C139530004DA8AA /* PBXTargetDependency */,
			);
			name = "Tip CalculatorTests";
			productName = "Tip CalculatorTests";
			productReference = 4603644F1C139530004DA8AA /* Tip CalculatorTests.xctest */;
			productType = "com.apple.product-type.bundle.unit-test";
		};
/* End PBXNativeTarget section */

/* Begin PBXProject section */
		460364321C139530004DA8AA /* Project object */ = {
			isa = PBXProject;
			attributes = {
				LastSwiftUpdateCheck = 0710;
				LastUpgradeCheck = 0600;
				ORGANIZATIONNAME = "Thomas Clifford";
				TargetAttributes = {
					460364391C139530004DA8AA = {
						CreatedOnToolsVersion = 6.0.1;
						DevelopmentTeam = XL6RWC8XC2;
					};
					4603644E1C139530004DA8AA = {
						CreatedOnToolsVersion = 6.0.1;
						TestTargetID = 460364391C139530004DA8AA;
					};
				};
			};
			buildConfigurationList = 460364351C139530004DA8AA /* Build configuration list for PBXProject "Tip Calculator" */;
			compatibilityVersion = "Xcode 3.2";
			developmentRegion = English;
			hasScannedForEncodings = 0;
			knownRegions = (
				en,
				Base,
			);
			mainGroup = 460364311C139530004DA8AA;
			productRefGroup = 4603643B1C139530004DA8AA /* Products */;
			projectDirPath = "";
			projectRoot = "";
			targets = (
				460364391C139530004DA8AA /* Tip Calculator */,
				4603644E1C139530004DA8AA /* Tip CalculatorTests */,
			);
		};
/* End PBXProject section */

/* Begin PBXResourcesBuildPhase section */
		460364381C139530004DA8AA /* Resources */ = {
			isa = PBXResourcesBuildPhase;
			buildActionMask = 2147483647;
			files = (
				460364451C139530004DA8AA /* Main.storyboard in Resources */,
				4603644A1C139530004DA8AA /* LaunchScreen.xib in Resources */,
				460364471C139530004DA8AA /* Images.xcassets in Resources */,
			);
			runOnlyForDeploymentPostprocessing = 0;
		};
		4603644D1C139530004DA8AA /* Resources */ = {
			isa = PBXResourcesBuildPhase;
			buildActionMask = 2147483647;
			files = (
			);
			runOnlyForDeploymentPostprocessing = 0;
		};
/* End PBXResourcesBuildPhase section */

/* Begin PBXSourcesBuildPhase section */
		460364361C139530004DA8AA /* Sources */ = {
			isa = PBXSourcesBuildPhase;
			buildActionMask = 2147483647;
			files = (
				460364421C139530004DA8AA /* ViewController.swift in Sources */,
				460364401C139530004DA8AA /* AppDelegate.swift in Sources */,
				46F051AA1C17FB430049B708 /* SettingsViewController.swift in Sources */,
			);
			runOnlyForDeploymentPostprocessing = 0;
		};
		4603644B1C139530004DA8AA /* Sources */ = {
			isa = PBXSourcesBuildPhase;
			buildActionMask = 2147483647;
			files = (
				460364561C139530004DA8AA /* Tip_CalculatorTests.swift in Sources */,
			);
			runOnlyForDeploymentPostprocessing = 0;
		};
/* End PBXSourcesBuildPhase section */

/* Begin PBXTargetDependency section */
		460364511C139530004DA8AA /* PBXTargetDependency */ = {
			isa = PBXTargetDependency;
			target = 460364391C139530004DA8AA /* Tip Calculator */;
			targetProxy = 460364501C139530004DA8AA /* PBXContainerItemProxy */;
		};
/* End PBXTargetDependency section */

/* Begin PBXVariantGroup section */
		460364431C139530004DA8AA /* Main.storyboard */ = {
			isa = PBXVariantGroup;
			children = (
				460364441C139530004DA8AA /* Base */,
			);
			name = Main.storyboard;
			sourceTree = "<group>";
		};
		460364481C139530004DA8AA /* LaunchScreen.xib */ = {
			isa = PBXVariantGroup;
			children = (
				460364491C139530004DA8AA /* Base */,
			);
			name = LaunchScreen.xib;
			sourceTree = "<group>";
		};
/* End PBXVariantGroup section */

/* Begin XCBuildConfiguration section */
		460364571C139530004DA8AA /* Debug */ = {
			isa = XCBuildConfiguration;
			buildSettings = {
				ALWAYS_SEARCH_USER_PATHS = NO;
				CLANG_CXX_LANGUAGE_STANDARD = "gnu++0x";
				CLANG_CXX_LIBRARY = "libc++";
				CLANG_ENABLE_MODULES = YES;
				CLANG_ENABLE_OBJC_ARC = YES;
				CLANG_WARN_BOOL_CONVERSION = YES;
				CLANG_WARN_CONSTANT_CONVERSION = YES;
				CLANG_WARN_DIRECT_OBJC_ISA_USAGE = YES_ERROR;
				CLANG_WARN_EMPTY_BODY = YES;
				CLANG_WARN_ENUM_CONVERSION = YES;
				CLANG_WARN_INT_CONVERSION = YES;
				CLANG_WARN_OBJC_ROOT_CLASS = YES_ERROR;
				CLANG_WARN_UNREACHABLE_CODE = YES;
				CLANG_WARN__DUPLICATE_METHOD_MATCH = YES;
				"CODE_SIGN_IDENTITY[sdk=iphoneos*]" = "iPhone Developer";
				COPY_PHASE_STRIP = NO;
				ENABLE_STRICT_OBJC_MSGSEND = YES;
				GCC_C_LANGUAGE_STANDARD = gnu99;
				GCC_DYNAMIC_NO_PIC = NO;
				GCC_OPTIMIZATION_LEVEL = 0;
				GCC_PREPROCESSOR_DEFINITIONS = (
					"DEBUG=1",
					"$(inherited)",
				);
				GCC_SYMBOLS_PRIVATE_EXTERN = NO;
				GCC_WARN_64_TO_32_BIT_CONVERSION = YES;
				GCC_WARN_ABOUT_RETURN_TYPE = YES_ERROR;
				GCC_WARN_UNDECLARED_SELECTOR = YES;
				GCC_WARN_UNINITIALIZED_AUTOS = YES_AGGRESSIVE;
				GCC_WARN_UNUSED_FUNCTION = YES;
				GCC_WARN_UNUSED_VARIABLE = YES;
				IPHONEOS_DEPLOYMENT_TARGET = 8.0;
				MTL_ENABLE_DEBUG_INFO = YES;
				ONLY_ACTIVE_ARCH = YES;
				SDKROOT = iphoneos;
				SWIFT_OPTIMIZATION_LEVEL = "-Onone";
			};
			name = Debug;
		};
		460364581C139530004DA8AA /* Release */ = {
			isa = XCBuildConfiguration;
			buildSettings = {
				ALWAYS_SEARCH_USER_PATHS = NO;
				CLANG_CXX_LANGUAGE_STANDARD = "gnu++0x";
				CLANG_CXX_LIBRARY = "libc++";
				CLANG_ENABLE_MODULES = YES;
				CLANG_ENABLE_OBJC_ARC = YES;
				CLANG_WARN_BOOL_CONVERSION = YES;
				CLANG_WARN_CONSTANT_CONVERSION = YES;
				CLANG_WARN_DIRECT_OBJC_ISA_USAGE = YES_ERROR;
				CLANG_WARN_EMPTY_BODY = YES;
				CLANG_WARN_ENUM_CONVERSION = YES;
				CLANG_WARN_INT_CONVERSION = YES;
				CLANG_WARN_OBJC_ROOT_CLASS = YES_ERROR;
				CLANG_WARN_UNREACHABLE_CODE = YES;
				CLANG_WARN__DUPLICATE_METHOD_MATCH = YES;
				"CODE_SIGN_IDENTITY[sdk=iphoneos*]" = "iPhone Developer";
				COPY_PHASE_STRIP = YES;
				ENABLE_NS_ASSERTIONS = NO;
				ENABLE_STRICT_OBJC_MSGSEND = YES;
				GCC_C_LANGUAGE_STANDARD = gnu99;
				GCC_WARN_64_TO_32_BIT_CONVERSION = YES;
				GCC_WARN_ABOUT_RETURN_TYPE = YES_ERROR;
				GCC_WARN_UNDECLARED_SELECTOR = YES;
				GCC_WARN_UNINITIALIZED_AUTOS = YES_AGGRESSIVE;
				GCC_WARN_UNUSED_FUNCTION = YES;
				GCC_WARN_UNUSED_VARIABLE = YES;
				IPHONEOS_DEPLOYMENT_TARGET = 8.0;
				MTL_ENABLE_DEBUG_INFO = NO;
				SDKROOT = iphoneos;
				VALIDATE_PRODUCT = YES;
			};
			name = Release;
		};
		4603645A1C139530004DA8AA /* Debug */ = {
			isa = XCBuildConfiguration;
			buildSettings = {
				ASSETCATALOG_COMPILER_APPICON_NAME = AppIcon;
				CODE_SIGN_IDENTITY = "iPhone Developer";
				"CODE_SIGN_IDENTITY[sdk=iphoneos*]" = "iPhone Developer";
				INFOPLIST_FILE = "Tip Calculator/Info.plist";
				IPHONEOS_DEPLOYMENT_TARGET = 8.2;
				LD_RUNPATH_SEARCH_PATHS = "$(inherited) @executable_path/Frameworks";
				PRODUCT_NAME = "$(TARGET_NAME)";
				PROVISIONING_PROFILE = "";
				TARGETED_DEVICE_FAMILY = 1;
			};
			name = Debug;
		};
		4603645B1C139530004DA8AA /* Release */ = {
			isa = XCBuildConfiguration;
			buildSettings = {
				ASSETCATALOG_COMPILER_APPICON_NAME = AppIcon;
				CODE_SIGN_IDENTITY = "iPhone Developer";
				"CODE_SIGN_IDENTITY[sdk=iphoneos*]" = "iPhone Developer";
				INFOPLIST_FILE = "Tip Calculator/Info.plist";
				IPHONEOS_DEPLOYMENT_TARGET = 8.2;
				LD_RUNPATH_SEARCH_PATHS = "$(inherited) @executable_path/Frameworks";
				PRODUCT_NAME = "$(TARGET_NAME)";
				PROVISIONING_PROFILE = "";
				TARGETED_DEVICE_FAMILY = 1;
			};
			name = Release;
		};
		4603645D1C139530004DA8AA /* Debug */ = {
			isa = XCBuildConfiguration;
			buildSettings = {
				BUNDLE_LOADER = "$(TEST_HOST)";
				FRAMEWORK_SEARCH_PATHS = (
					"$(SDKROOT)/Developer/Library/Frameworks",
					"$(inherited)",
				);
				GCC_PREPROCESSOR_DEFINITIONS = (
					"DEBUG=1",
					"$(inherited)",
				);
				INFOPLIST_FILE = "Tip CalculatorTests/Info.plist";
				LD_RUNPATH_SEARCH_PATHS = "$(inherited) @executable_path/Frameworks @loader_path/Frameworks";
				PRODUCT_NAME = "$(TARGET_NAME)";
				TEST_HOST = "$(BUILT_PRODUCTS_DIR)/Tip Calculator.app/Tip Calculator";
			};
			name = Debug;
		};
		4603645E1C139530004DA8AA /* Release */ = {
			isa = XCBuildConfiguration;
			buildSettings = {
				BUNDLE_LOADER = "$(TEST_HOST)";
				FRAMEWORK_SEARCH_PATHS = (
					"$(SDKROOT)/Developer/Library/Frameworks",
					"$(inherited)",
				);
				INFOPLIST_FILE = "Tip CalculatorTests/Info.plist";
				LD_RUNPATH_SEARCH_PATHS = "$(inherited) @executable_path/Frameworks @loader_path/Frameworks";
				PRODUCT_NAME = "$(TARGET_NAME)";
				TEST_HOST = "$(BUILT_PRODUCTS_DIR)/Tip Calculator.app/Tip Calculator";
			};
			name = Release;
		};
/* End XCBuildConfiguration section */

/* Begin XCConfigurationList section */
		460364351C139530004DA8AA /* Build configuration list for PBXProject "Tip Calculator" */ = {
			isa = XCConfigurationList;
			buildConfigurations = (
				460364571C139530004DA8AA /* Debug */,
				460364581C139530004DA8AA /* Release */,
			);
			defaultConfigurationIsVisible = 0;
			defaultConfigurationName = Release;
		};
		460364591C139530004DA8AA /* Build configuration list for PBXNativeTarget "Tip Calculator" */ = {
			isa = XCConfigurationList;
			buildConfigurations = (
				4603645A1C139530004DA8AA /* Debug */,
				4603645B1C139530004DA8AA /* Release */,
			);
			defaultConfigurationIsVisible = 0;
			defaultConfigurationName = Release;
		};
		4603645C1C139530004DA8AA /* Build configuration list for PBXNativeTarget "Tip CalculatorTests" */ = {
			isa = XCConfigurationList;
			buildConfigurations = (
				4603645D1C139530004DA8AA /* Debug */,
				4603645E1C139530004DA8AA /* Release */,
			);
			defaultConfigurationIsVisible = 0;
			defaultConfigurationName = Release;
		};
/* End XCConfigurationList section */
	};
	rootObject = 460364321C139530004DA8AA /* Project object */;
}
